
Microsoft Visual Studio Solution File, Format Version 12.00
# Visual Studio 2015
Project("{FAE04EC0-301F-11D3-BF4B-00C04F79EFBC}") = "Anti-Virus.CSharp.Plugins", "Anti-Virus.CSharp.Plugins.csproj", "{C822F230-1899-B461-7420-3B177763FC36}"
EndProject
Project("{FAE04EC0-301F-11D3-BF4B-00C04F79EFBC}") = "Anti-Virus.CSharp", "Anti-Virus.CSharp.csproj", "{F69F951F-69D8-77A5-6405-665BD94C9D1F}"
EndProject
Project("{FAE04EC0-301F-11D3-BF4B-00C04F79EFBC}") = "Anti-Virus.CSharp.Editor", "Anti-Virus.CSharp.Editor.csproj", "{081A86BA-C19B-B16A-549F-D72660425B3F}"
EndProject
Global
	GlobalSection(SolutionConfigurationPlatforms) = preSolution
		Debug|Any CPU = Debug|Any CPU
		Release|Any CPU = Release|Any CPU
	EndGlobalSection
	GlobalSection(ProjectConfigurationPlatforms) = postSolution
		{C822F230-1899-B461-7420-3B177763FC36}.Debug|Any CPU.ActiveCfg = Debug|Any CPU
		{C822F230-1899-B461-7420-3B177763FC36}.Debug|Any CPU.Build.0 = Debug|Any CPU
		{C822F230-1899-B461-7420-3B177763FC36}.Release|Any CPU.ActiveCfg = Release|Any CPU
		{C822F230-1899-B461-7420-3B177763FC36}.Release|Any CPU.Build.0 = Release|Any CPU
		{F69F951F-69D8-77A5-6405-665BD94C9D1F}.Debug|Any CPU.ActiveCfg = Debug|Any CPU
		{F69F951F-69D8-77A5-6405-665BD94C9D1F}.Debug|Any CPU.Build.0 = Debug|Any CPU
		{F69F951F-69D8-77A5-6405-665BD94C9D1F}.Release|Any CPU.ActiveCfg = Release|Any CPU
		{F69F951F-69D8-77A5-6405-665BD94C9D1F}.Release|Any CPU.Build.0 = Release|Any CPU
		{081A86BA-C19B-B16A-549F-D72660425B3F}.Debug|Any CPU.ActiveCfg = Debug|Any CPU
		{081A86BA-C19B-B16A-549F-D72660425B3F}.Debug|Any CPU.Build.0 = Debug|Any CPU
		{081A86BA-C19B-B16A-549F-D72660425B3F}.Release|Any CPU.ActiveCfg = Release|Any CPU
		{081A86BA-C19B-B16A-549F-D72660425B3F}.Release|Any CPU.Build.0 = Release|Any CPU
	EndGlobalSection
	GlobalSection(SolutionProperties) = preSolution
		HideSolutionNode = FALSE
	EndGlobalSection
EndGlobal
